{
  "name": "sca-fixture-npm-mini",
  "lockfileVersion": 3,
  "requires": true,
  "packages": {
    "": {
      "name": "sca-fixture-npm-mini",
      "version": "0.0.0"
    },
    "node_modules/sca-fixture-leftpad": {
      "version": "1.0.0"
    },
    "node_modules/sca-fixture-optional": {
      "version": "3.1.4"
    },
    "node_modules/sca-fixture-trans": {
      "name": "sca-fixture-trans",
      "version": "0.9.0"
    },
    "node_modules/!!!not-a-real-cve-pkg!!!": {
      "version": "9.9.9-CORRUPT"
    }
  }
}
